
Microsoft Visual Studio Solution File, Format Version 12.00
# Visual Studio Version 17
VisualStudioVersion = 17.14.36518.9 d17.14
MinimumVisualStudioVersion = 10.0.40219.1
Project("{FAE04EC0-301F-11D3-BF4B-00C04F79EFBC}") = "Transaction.API", "Transaction.API.csproj", "{C1FA201A-C93B-434F-AAD6-A6030921083B}"
EndProject
Project("{FAE04EC0-301F-11D3-BF4B-00C04F79EFBC}") = "Transaction.Business", "..\Transaction.Business\Transaction.Business.csproj", "{0E74B6B3-B1B3-40F5-B672-8E372962A552}"
EndProject
Project("{FAE04EC0-301F-11D3-BF4B-00C04F79EFBC}") = "Transaction.Core", "..\Transaction.Core\Transaction.Core.csproj", "{CCAF0358-CBF4-45D6-A53F-58813B0AD80E}"
EndProject
Project("{FAE04EC0-301F-11D3-BF4B-00C04F79EFBC}") = "Transaction.Data", "..\Transaction.Data\Transaction.Data.csproj", "{49E7A416-D59C-4CBD-BDCF-F6B2F8A0F00E}"
EndProject
Project("{FAE04EC0-301F-11D3-BF4B-00C04F79EFBC}") = "Transaction.Test", "..\Transaction.Test\Transaction.Test.csproj", "{EAE84CDB-2F2D-4A95-89E4-037E8F3053D6}"
EndProject
Global
	GlobalSection(SolutionConfigurationPlatforms) = preSolution
		Debug|Any CPU = Debug|Any CPU
		Release|Any CPU = Release|Any CPU
	EndGlobalSection
	GlobalSection(ProjectConfigurationPlatforms) = postSolution
		{C1FA201A-C93B-434F-AAD6-A6030921083B}.Debug|Any CPU.ActiveCfg = Debug|Any CPU
		{C1FA201A-C93B-434F-AAD6-A6030921083B}.Debug|Any CPU.Build.0 = Debug|Any CPU
		{C1FA201A-C93B-434F-AAD6-A6030921083B}.Release|Any CPU.ActiveCfg = Release|Any CPU
		{C1FA201A-C93B-434F-AAD6-A6030921083B}.Release|Any CPU.Build.0 = Release|Any CPU
		{0E74B6B3-B1B3-40F5-B672-8E372962A552}.Debug|Any CPU.ActiveCfg = Debug|Any CPU
		{0E74B6B3-B1B3-40F5-B672-8E372962A552}.Debug|Any CPU.Build.0 = Debug|Any CPU
		{0E74B6B3-B1B3-40F5-B672-8E372962A552}.Release|Any CPU.ActiveCfg = Release|Any CPU
		{0E74B6B3-B1B3-40F5-B672-8E372962A552}.Release|Any CPU.Build.0 = Release|Any CPU
		{CCAF0358-CBF4-45D6-A53F-58813B0AD80E}.Debug|Any CPU.ActiveCfg = Debug|Any CPU
		{CCAF0358-CBF4-45D6-A53F-58813B0AD80E}.Debug|Any CPU.Build.0 = Debug|Any CPU
		{CCAF0358-CBF4-45D6-A53F-58813B0AD80E}.Release|Any CPU.ActiveCfg = Release|Any CPU
		{CCAF0358-CBF4-45D6-A53F-58813B0AD80E}.Release|Any CPU.Build.0 = Release|Any CPU
		{49E7A416-D59C-4CBD-BDCF-F6B2F8A0F00E}.Debug|Any CPU.ActiveCfg = Debug|Any CPU
		{49E7A416-D59C-4CBD-BDCF-F6B2F8A0F00E}.Debug|Any CPU.Build.0 = Debug|Any CPU
		{49E7A416-D59C-4CBD-BDCF-F6B2F8A0F00E}.Release|Any CPU.ActiveCfg = Release|Any CPU
		{49E7A416-D59C-4CBD-BDCF-F6B2F8A0F00E}.Release|Any CPU.Build.0 = Release|Any CPU
		{EAE84CDB-2F2D-4A95-89E4-037E8F3053D6}.Debug|Any CPU.ActiveCfg = Debug|Any CPU
		{EAE84CDB-2F2D-4A95-89E4-037E8F3053D6}.Debug|Any CPU.Build.0 = Debug|Any CPU
		{EAE84CDB-2F2D-4A95-89E4-037E8F3053D6}.Release|Any CPU.ActiveCfg = Release|Any CPU
		{EAE84CDB-2F2D-4A95-89E4-037E8F3053D6}.Release|Any CPU.Build.0 = Release|Any CPU
	EndGlobalSection
	GlobalSection(SolutionProperties) = preSolution
		HideSolutionNode = FALSE
	EndGlobalSection
	GlobalSection(ExtensibilityGlobals) = postSolution
		SolutionGuid = {E9B472FB-88EB-409F-A23E-4B054142722B}
	EndGlobalSection
EndGlobal
